# This file is autogenerated, do not edit; changes may be undone by the next 'dep ensure'.


[[projects]]
  name = "github.com/beevik/etree"
  packages = ["."]
  revision = "15a30b44cfd6c5a16a7ddfe271bf146aaf2d3195"
  version = "v1.0.0"

[[projects]]
  branch = "master"
  name = "github.com/dchest/uniuri"
  packages = ["."]
  revision = "8902c56451e9b58ff940bbe5fec35d5f9c04584a"

[[projects]]
  name = "github.com/dgrijalva/jwt-go"
  packages = ["."]
  revision = "06ea1031745cb8b3dab3f6a236daf2b0aa468b7e"
  version = "v3.2.0"

[[projects]]
  name = "github.com/jonboulle/clockwork"
  packages = ["."]
  revision = "2eee05ed794112d45db504eb05aa693efd2b8b09"
  version = "v0.1.0"

[[projects]]
  name = "github.com/kr/pretty"
  packages = ["."]
  revision = "73f6ac0b30a98e433b289500d779f50c1a6f0712"
  version = "v0.1.0"

[[projects]]
  name = "github.com/kr/text"
  packages = ["."]
  revision = "e2ffdb16a802fe2bb95e2e35ff34f0e53aeef34f"
  version = "v0.1.0"

[[projects]]
  branch = "master"
  name = "github.com/russellhaering/goxmldsig"
  packages = [
    ".",
    "etreeutils",
    "types"
  ]
  revision = "7acd5e4a6ef74fe1b082c20f119556adf70c3944"

[[projects]]
  name = "github.com/zenazn/goji"
  packages = [
    ".",
    "bind",
    "graceful",
    "graceful/listener",
    "web",
    "web/middleware",
    "web/mutil"
  ]
  revision = "64eb34159fe53473206c2b3e70fe396a639452f2"
  version = "v1.0"

[[projects]]
  branch = "master"
  name = "golang.org/x/crypto"
  packages = [
    "bcrypt",
    "blowfish",
    "ripemd160"
  ]
  revision = "5ba7f63082460102a45837dbd1827e10f9479ac0"

[[projects]]
  branch = "v1"
  name = "gopkg.in/check.v1"
  packages = ["."]
  revision = "20d25e2804050c1cd24a7eea1e7a6447dd0e74ec"

[solve-meta]
  analyzer-name = "dep"
  analyzer-version = 1
  inputs-digest = "fe47d2364c2c4ec85c50a20004945b138cba28f8c372a4297508ff36b1fe7e79"
  solver-name = "gps-cdcl"
  solver-version = 1
